// !$*UTF8*$!
{
	archiveVersion = 1;
	classes = {
	};
	objectVersion = 46;
	objects = {

/* Begin PBXBuildFile section */
		AFF3B4F318E3004400500E49 /* Foundation.framework in Frameworks */ = {isa = PBXBuildFile; fileRef = AFF3B4F218E3004400500E49 /* Foundation.framework */; };
		AFF3B4F518E3004400500E49 /* CoreGraphics.framework in Frameworks */ = {isa = PBXBuildFile; fileRef = AFF3B4F418E3004400500E49 /* CoreGraphics.framework */; };
		AFF3B4F718E3004400500E49 /* UIKit.framework in Frameworks */ = {isa = PBXBuildFile; fileRef = AFF3B4F618E3004400500E49 /* UIKit.framework */; };
		AFF3B4FD18E3004400500E49 /* InfoPlist.strings in Resources */ = {isa = PBXBuildFile; fileRef = AFF3B4FB18E3004400500E49 /* InfoPlist.strings */; };
		AFF3B4FF18E3004400500E49 /* main.m in Sources */ = {isa = PBXBuildFile; fileRef = AFF3B4FE18E3004400500E49 /* main.m */; };
		AFF3B50318E3004400500E49 /* AppDelegate.m in Sources */ = {isa = PBXBuildFile; fileRef = AFF3B50218E3004400500E49 /* AppDelegate.m */; };
		AFF3B50618E3004400500E49 /* Main.storyboard in Resources */ = {isa = PBXBuildFile; fileRef = AFF3B50418E3004400500E49 /* Main.storyboard */; };
		AFF3B50918E3004400500E49 /* ViewController.m in Sources */ = {isa = PBXBuildFile; fileRef = AFF3B50818E3004400500E49 /* ViewController.m */; };
		AFF3B50B18E3004400500E49 /* Images.xcassets in Resources */ = {isa = PBXBuildFile; fileRef = AFF3B50A18E3004400500E49 /* Images.xcassets */; };
		AFF3B51218E3004400500E49 /* XCTest.framework in Frameworks */ = {isa = PBXBuildFile; fileRef = AFF3B51118E3004400500E49 /* XCTest.framework */; };
		AFF3B51318E3004400500E49 /* Foundation.framework in Frameworks */ = {isa = PBXBuildFile; fileRef = AFF3B4F218E3004400500E49 /* Foundation.framework */; };
		AFF3B51418E3004400500E49 /* UIKit.framework in Frameworks */ = {isa = PBXBuildFile; fileRef = AFF3B4F618E3004400500E49 /* UIKit.framework */; };
		AFF3B51C18E3004400500E49 /* InfoPlist.strings in Resources */ = {isa = PBXBuildFile; fileRef = AFF3B51A18E3004400500E49 /* InfoPlist.strings */; };
		AFF3B51E18E3004400500E49 /* ThreeButtonConstraintTest1Tests.m in Sources */ = {isa = PBXBuildFile; fileRef = AFF3B51D18E3004400500E49 /* ThreeButtonConstraintTest1Tests.m */; };
/* End PBXBuildFile section */

/* Begin PBXContainerItemProxy section */
		AFF3B51518E3004400500E49 /* PBXContainerItemProxy */ = {
			isa = PBXContainerItemProxy;
			containerPortal = AFF3B4E718E3004400500E49 /* Project object */;
			proxyType = 1;
			remoteGlobalIDString = AFF3B4EE18E3004400500E49;
			remoteInfo = ThreeButtonConstraintTest1;
		};
/* End PBXContainerItemProxy section */

/* Begin PBXFileReference section */
		AFF3B4EF18E3004400500E49 /* ThreeButtonConstraintTest1.app */ = {isa = PBXFileReference; explicitFileType = wrapper.application; includeInIndex = 0; path = ThreeButtonConstraintTest1.app; sourceTree = BUILT_PRODUCTS_DIR; };
		AFF3B4F218E3004400500E49 /* Foundation.framework */ = {isa = PBXFileReference; lastKnownFileType = wrapper.framework; name = Foundation.framework; path = System/Library/Frameworks/Foundation.framework; sourceTree = SDKROOT; };
		AFF3B4F418E3004400500E49 /* CoreGraphics.framework */ = {isa = PBXFileReference; lastKnownFileType = wrapper.framework; name = CoreGraphics.framework; path = System/Library/Frameworks/CoreGraphics.framework; sourceTree = SDKROOT; };
		AFF3B4F618E3004400500E49 /* UIKit.framework */ = {isa = PBXFileReference; lastKnownFileType = wrapper.framework; name = UIKit.framework; path = System/Library/Frameworks/UIKit.framework; sourceTree = SDKROOT; };
		AFF3B4FA18E3004400500E49 /* ThreeButtonConstraintTest1-Info.plist */ = {isa = PBXFileReference; lastKnownFileType = text.plist.xml; path = "ThreeButtonConstraintTest1-Info.plist"; sourceTree = "<group>"; };
		AFF3B4FC18E3004400500E49 /* en */ = {isa = PBXFileReference; lastKnownFileType = text.plist.strings; name = en; path = en.lproj/InfoPlist.strings; sourceTree = "<group>"; };
		AFF3B4FE18E3004400500E49 /* main.m */ = {isa = PBXFileReference; lastKnownFileType = sourcecode.c.objc; path = main.m; sourceTree = "<group>"; };
		AFF3B50018E3004400500E49 /* ThreeButtonConstraintTest1-Prefix.pch */ = {isa = PBXFileReference; lastKnownFileType = sourcecode.c.h; path = "ThreeButtonConstraintTest1-Prefix.pch"; sourceTree = "<group>"; };
		AFF3B50118E3004400500E49 /* AppDelegate.h */ = {isa = PBXFileReference; lastKnownFileType = sourcecode.c.h; path = AppDelegate.h; sourceTree = "<group>"; };
		AFF3B50218E3004400500E49 /* AppDelegate.m */ = {isa = PBXFileReference; lastKnownFileType = sourcecode.c.objc; path = AppDelegate.m; sourceTree = "<group>"; };
		AFF3B50518E3004400500E49 /* Base */ = {isa = PBXFileReference; lastKnownFileType = file.storyboard; name = Base; path = Base.lproj/Main.storyboard; sourceTree = "<group>"; };
		AFF3B50718E3004400500E49 /* ViewController.h */ = {isa = PBXFileReference; lastKnownFileType = sourcecode.c.h; path = ViewController.h; sourceTree = "<group>"; };
		AFF3B50818E3004400500E49 /* ViewController.m */ = {isa = PBXFileReference; lastKnownFileType = sourcecode.c.objc; path = ViewController.m; sourceTree = "<group>"; };
		AFF3B50A18E3004400500E49 /* Images.xcassets */ = {isa = PBXFileReference; lastKnownFileType = folder.assetcatalog; path = Images.xcassets; sourceTree = "<group>"; };
		AFF3B51018E3004400500E49 /* ThreeButtonConstraintTest1Tests.xctest */ = {isa = PBXFileReference; explicitFileType = wrapper.cfbundle; includeInIndex = 0; path = ThreeButtonConstraintTest1Tests.xctest; sourceTree = BUILT_PRODUCTS_DIR; };
		AFF3B51118E3004400500E49 /* XCTest.framework */ = {isa = PBXFileReference; lastKnownFileType = wrapper.framework; name = XCTest.framework; path = Library/Frameworks/XCTest.framework; sourceTree = DEVELOPER_DIR; };
		AFF3B51918E3004400500E49 /* ThreeButtonConstraintTest1Tests-Info.plist */ = {isa = PBXFileReference; lastKnownFileType = text.plist.xml; path = "ThreeButtonConstraintTest1Tests-Info.plist"; sourceTree = "<group>"; };
		AFF3B51B18E3004400500E49 /* en */ = {isa = PBXFileReference; lastKnownFileType = text.plist.strings; name = en; path = en.lproj/InfoPlist.strings; sourceTree = "<group>"; };
		AFF3B51D18E3004400500E49 /* ThreeButtonConstraintTest1Tests.m */ = {isa = PBXFileReference; lastKnownFileType = sourcecode.c.objc; path = ThreeButtonConstraintTest1Tests.m; sourceTree = "<group>"; };
/* End PBXFileReference section */

/* Begin PBXFrameworksBuildPhase section */
		AFF3B4EC18E3004400500E49 /* Frameworks */ = {
			isa = PBXFrameworksBuildPhase;
			buildActionMask = 2147483647;
			files = (
				AFF3B4F518E3004400500E49 /* CoreGraphics.framework in Frameworks */,
				AFF3B4F718E3004400500E49 /* UIKit.framework in Frameworks */,
				AFF3B4F318E3004400500E49 /* Foundation.framework in Frameworks */,
			);
			runOnlyForDeploymentPostprocessing = 0;
		};
		AFF3B50D18E3004400500E49 /* Frameworks */ = {
			isa = PBXFrameworksBuildPhase;
			buildActionMask = 2147483647;
			files = (
				AFF3B51218E3004400500E49 /* XCTest.framework in Frameworks */,
				AFF3B51418E3004400500E49 /* UIKit.framework in Frameworks */,
				AFF3B51318E3004400500E49 /* Foundation.framework in Frameworks */,
			);
			runOnlyForDeploymentPostprocessing = 0;
		};
/* End PBXFrameworksBuildPhase section */

/* Begin PBXGroup section */
		AFF3B4E618E3004400500E49 = {
			isa = PBXGroup;
			children = (
				AFF3B4F818E3004400500E49 /* ThreeButtonConstraintTest1 */,
				AFF3B51718E3004400500E49 /* ThreeButtonConstraintTest1Tests */,
				AFF3B4F118E3004400500E49 /* Frameworks */,
				AFF3B4F018E3004400500E49 /* Products */,
			);
			sourceTree = "<group>";
		};
		AFF3B4F018E3004400500E49 /* Products */ = {
			isa = PBXGroup;
			children = (
				AFF3B4EF18E3004400500E49 /* ThreeButtonConstraintTest1.app */,
				AFF3B51018E3004400500E49 /* ThreeButtonConstraintTest1Tests.xctest */,
			);
			name = Products;
			sourceTree = "<group>";
		};
		AFF3B4F118E3004400500E49 /* Frameworks */ = {
			isa = PBXGroup;
			children = (
				AFF3B4F218E3004400500E49 /* Foundation.framework */,
				AFF3B4F418E3004400500E49 /* CoreGraphics.framework */,
				AFF3B4F618E3004400500E49 /* UIKit.framework */,
				AFF3B51118E3004400500E49 /* XCTest.framework */,
			);
			name = Frameworks;
			sourceTree = "<group>";
		};
		AFF3B4F818E3004400500E49 /* ThreeButtonConstraintTest1 */ = {
			isa = PBXGroup;
			children = (
				AFF3B50118E3004400500E49 /* AppDelegate.h */,
				AFF3B50218E3004400500E49 /* AppDelegate.m */,
				AFF3B50418E3004400500E49 /* Main.storyboard */,
				AFF3B50718E3004400500E49 /* ViewController.h */,
				AFF3B50818E3004400500E49 /* ViewController.m */,
				AFF3B50A18E3004400500E49 /* Images.xcassets */,
				AFF3B4F918E3004400500E49 /* Supporting Files */,
			);
			path = ThreeButtonConstraintTest1;
			sourceTree = "<group>";
		};
		AFF3B4F918E3004400500E49 /* Supporting Files */ = {
			isa = PBXGroup;
			children = (
				AFF3B4FA18E3004400500E49 /* ThreeButtonConstraintTest1-Info.plist */,
				AFF3B4FB18E3004400500E49 /* InfoPlist.strings */,
				AFF3B4FE18E3004400500E49 /* main.m */,
				AFF3B50018E3004400500E49 /* ThreeButtonConstraintTest1-Prefix.pch */,
			);
			name = "Supporting Files";
			sourceTree = "<group>";
		};
		AFF3B51718E3004400500E49 /* ThreeButtonConstraintTest1Tests */ = {
			isa = PBXGroup;
			children = (
				AFF3B51D18E3004400500E49 /* ThreeButtonConstraintTest1Tests.m */,
				AFF3B51818E3004400500E49 /* Supporting Files */,
			);
			path = ThreeButtonConstraintTest1Tests;
			sourceTree = "<group>";
		};
		AFF3B51818E3004400500E49 /* Supporting Files */ = {
			isa = PBXGroup;
			children = (
				AFF3B51918E3004400500E49 /* ThreeButtonConstraintTest1Tests-Info.plist */,
				AFF3B51A18E3004400500E49 /* InfoPlist.strings */,
			);
			name = "Supporting Files";
			sourceTree = "<group>";
		};
/* End PBXGroup section */

/* Begin PBXNativeTarget section */
		AFF3B4EE18E3004400500E49 /* ThreeButtonConstraintTest1 */ = {
			isa = PBXNativeTarget;
			buildConfigurationList = AFF3B52118E3004400500E49 /* Build configuration list for PBXNativeTarget "ThreeButtonConstraintTest1" */;
			buildPhases = (
				AFF3B4EB18E3004400500E49 /* Sources */,
				AFF3B4EC18E3004400500E49 /* Frameworks */,
				AFF3B4ED18E3004400500E49 /* Resources */,
			);
			buildRules = (
			);
			dependencies = (
			);
			name = ThreeButtonConstraintTest1;
			productName = ThreeButtonConstraintTest1;
			productReference = AFF3B4EF18E3004400500E49 /* ThreeButtonConstraintTest1.app */;
			productType = "com.apple.product-type.application";
		};
		AFF3B50F18E3004400500E49 /* ThreeButtonConstraintTest1Tests */ = {
			isa = PBXNativeTarget;
			buildConfigurationList = AFF3B52418E3004400500E49 /* Build configuration list for PBXNativeTarget "ThreeButtonConstraintTest1Tests" */;
			buildPhases = (
				AFF3B50C18E3004400500E49 /* Sources */,
				AFF3B50D18E3004400500E49 /* Frameworks */,
				AFF3B50E18E3004400500E49 /* Resources */,
			);
			buildRules = (
			);
			dependencies = (
				AFF3B51618E3004400500E49 /* PBXTargetDependency */,
			);
			name = ThreeButtonConstraintTest1Tests;
			productName = ThreeButtonConstraintTest1Tests;
			productReference = AFF3B51018E3004400500E49 /* ThreeButtonConstraintTest1Tests.xctest */;
			productType = "com.apple.product-type.bundle.unit-test";
		};
/* End PBXNativeTarget section */

/* Begin PBXProject section */
		AFF3B4E718E3004400500E49 /* Project object */ = {
			isa = PBXProject;
			attributes = {
				LastUpgradeCheck = 0500;
				ORGANIZATIONNAME = Max;
				TargetAttributes = {
					AFF3B50F18E3004400500E49 = {
						TestTargetID = AFF3B4EE18E3004400500E49;
					};
				};
			};
			buildConfigurationList = AFF3B4EA18E3004400500E49 /* Build configuration list for PBXProject "ThreeButtonConstraintTest1" */;
			compatibilityVersion = "Xcode 3.2";
			developmentRegion = English;
			hasScannedForEncodings = 0;
			knownRegions = (
				en,
				Base,
			);
			mainGroup = AFF3B4E618E3004400500E49;
			productRefGroup = AFF3B4F018E3004400500E49 /* Products */;
			projectDirPath = "";
			projectRoot = "";
			targets = (
				AFF3B4EE18E3004400500E49 /* ThreeButtonConstraintTest1 */,
				AFF3B50F18E3004400500E49 /* ThreeButtonConstraintTest1Tests */,
			);
		};
/* End PBXProject section */

/* Begin PBXResourcesBuildPhase section */
		AFF3B4ED18E3004400500E49 /* Resources */ = {
			isa = PBXResourcesBuildPhase;
			buildActionMask = 2147483647;
			files = (
				AFF3B50B18E3004400500E49 /* Images.xcassets in Resources */,
				AFF3B4FD18E3004400500E49 /* InfoPlist.strings in Resources */,
				AFF3B50618E3004400500E49 /* Main.storyboard in Resources */,
			);
			runOnlyForDeploymentPostprocessing = 0;
		};
		AFF3B50E18E3004400500E49 /* Resources */ = {
			isa = PBXResourcesBuildPhase;
			buildActionMask = 2147483647;
			files = (
				AFF3B51C18E3004400500E49 /* InfoPlist.strings in Resources */,
			);
			runOnlyForDeploymentPostprocessing = 0;
		};
/* End PBXResourcesBuildPhase section */

/* Begin PBXSourcesBuildPhase section */
		AFF3B4EB18E3004400500E49 /* Sources */ = {
			isa = PBXSourcesBuildPhase;
			buildActionMask = 2147483647;
			files = (
				AFF3B50918E3004400500E49 /* ViewController.m in Sources */,
				AFF3B50318E3004400500E49 /* AppDelegate.m in Sources */,
				AFF3B4FF18E3004400500E49 /* main.m in Sources */,
			);
			runOnlyForDeploymentPostprocessing = 0;
		};
		AFF3B50C18E3004400500E49 /* Sources */ = {
			isa = PBXSourcesBuildPhase;
			buildActionMask = 2147483647;
			files = (
				AFF3B51E18E3004400500E49 /* ThreeButtonConstraintTest1Tests.m in Sources */,
			);
			runOnlyForDeploymentPostprocessing = 0;
		};
/* End PBXSourcesBuildPhase section */

/* Begin PBXTargetDependency section */
		AFF3B51618E3004400500E49 /* PBXTargetDependency */ = {
			isa = PBXTargetDependency;
			target = AFF3B4EE18E3004400500E49 /* ThreeButtonConstraintTest1 */;
			targetProxy = AFF3B51518E3004400500E49 /* PBXContainerItemProxy */;
		};
/* End PBXTargetDependency section */

/* Begin PBXVariantGroup section */
		AFF3B4FB18E3004400500E49 /* InfoPlist.strings */ = {
			isa = PBXVariantGroup;
			children = (
				AFF3B4FC18E3004400500E49 /* en */,
			);
			name = InfoPlist.strings;
			sourceTree = "<group>";
		};
		AFF3B50418E3004400500E49 /* Main.storyboard */ = {
			isa = PBXVariantGroup;
			children = (
				AFF3B50518E3004400500E49 /* Base */,
			);
			name = Main.storyboard;
			sourceTree = "<group>";
		};
		AFF3B51A18E3004400500E49 /* InfoPlist.strings */ = {
			isa = PBXVariantGroup;
			children = (
				AFF3B51B18E3004400500E49 /* en */,
			);
			name = InfoPlist.strings;
			sourceTree = "<group>";
		};
/* End PBXVariantGroup section */

/* Begin XCBuildConfiguration section */
		AFF3B51F18E3004400500E49 /* Debug */ = {
			isa = XCBuildConfiguration;
			buildSettings = {
				ALWAYS_SEARCH_USER_PATHS = NO;
				ARCHS = "$(ARCHS_STANDARD_INCLUDING_64_BIT)";
				CLANG_CXX_LANGUAGE_STANDARD = "gnu++0x";
				CLANG_CXX_LIBRARY = "libc++";
				CLANG_ENABLE_MODULES = YES;
				CLANG_ENABLE_OBJC_ARC = YES;
				CLANG_WARN_BOOL_CONVERSION = YES;
				CLANG_WARN_CONSTANT_CONVERSION = YES;
				CLANG_WARN_DIRECT_OBJC_ISA_USAGE = YES_ERROR;
				CLANG_WARN_EMPTY_BODY = YES;
				CLANG_WARN_ENUM_CONVERSION = YES;
				CLANG_WARN_INT_CONVERSION = YES;
				CLANG_WARN_OBJC_ROOT_CLASS = YES_ERROR;
				CLANG_WARN__DUPLICATE_METHOD_MATCH = YES;
				"CODE_SIGN_IDENTITY[sdk=iphoneos*]" = "iPhone Developer";
				COPY_PHASE_STRIP = NO;
				GCC_C_LANGUAGE_STANDARD = gnu99;
				GCC_DYNAMIC_NO_PIC = NO;
				GCC_OPTIMIZATION_LEVEL = 0;
				GCC_PREPROCESSOR_DEFINITIONS = (
					"DEBUG=1",
					"$(inherited)",
				);
				GCC_SYMBOLS_PRIVATE_EXTERN = NO;
				GCC_WARN_64_TO_32_BIT_CONVERSION = YES;
				GCC_WARN_ABOUT_RETURN_TYPE = YES_ERROR;
				GCC_WARN_UNDECLARED_SELECTOR = YES;
				GCC_WARN_UNINITIALIZED_AUTOS = YES;
				GCC_WARN_UNUSED_FUNCTION = YES;
				GCC_WARN_UNUSED_VARIABLE = YES;
				IPHONEOS_DEPLOYMENT_TARGET = 7.0;
				ONLY_ACTIVE_ARCH = YES;
				SDKROOT = iphoneos;
				TARGETED_DEVICE_FAMILY = 2;
			};
			name = Debug;
		};
		AFF3B52018E3004400500E49 /* Release */ = {
			isa = XCBuildConfiguration;
			buildSettings = {
				ALWAYS_SEARCH_USER_PATHS = NO;
				ARCHS = "$(ARCHS_STANDARD_INCLUDING_64_BIT)";
				CLANG_CXX_LANGUAGE_STANDARD = "gnu++0x";
				CLANG_CXX_LIBRARY = "libc++";
				CLANG_ENABLE_MODULES = YES;
				CLANG_ENABLE_OBJC_ARC = YES;
				CLANG_WARN_BOOL_CONVERSION = YES;
				CLANG_WARN_CONSTANT_CONVERSION = YES;
				CLANG_WARN_DIRECT_OBJC_ISA_USAGE = YES_ERROR;
				CLANG_WARN_EMPTY_BODY = YES;
				CLANG_WARN_ENUM_CONVERSION = YES;
				CLANG_WARN_INT_CONVERSION = YES;
				CLANG_WARN_OBJC_ROOT_CLASS = YES_ERROR;
				CLANG_WARN__DUPLICATE_METHOD_MATCH = YES;
				"CODE_SIGN_IDENTITY[sdk=iphoneos*]" = "iPhone Developer";
				COPY_PHASE_STRIP = YES;
				ENABLE_NS_ASSERTIONS = NO;
				GCC_C_LANGUAGE_STANDARD = gnu99;
				GCC_WARN_64_TO_32_BIT_CONVERSION = YES;
				GCC_WARN_ABOUT_RETURN_TYPE = YES_ERROR;
				GCC_WARN_UNDECLARED_SELECTOR = YES;
				GCC_WARN_UNINITIALIZED_AUTOS = YES;
				GCC_WARN_UNUSED_FUNCTION = YES;
				GCC_WARN_UNUSED_VARIABLE = YES;
				IPHONEOS_DEPLOYMENT_TARGET = 7.0;
				SDKROOT = iphoneos;
				TARGETED_DEVICE_FAMILY = 2;
				VALIDATE_PRODUCT = YES;
			};
			name = Release;
		};
		AFF3B52218E3004400500E49 /* Debug */ = {
			isa = XCBuildConfiguration;
			buildSettings = {
				ASSETCATALOG_COMPILER_APPICON_NAME = AppIcon;
				ASSETCATALOG_COMPILER_LAUNCHIMAGE_NAME = LaunchImage;
				GCC_PRECOMPILE_PREFIX_HEADER = YES;
				GCC_PREFIX_HEADER = "ThreeButtonConstraintTest1/ThreeButtonConstraintTest1-Prefix.pch";
				INFOPLIST_FILE = "ThreeButtonConstraintTest1/ThreeButtonConstraintTest1-Info.plist";
				PRODUCT_NAME = "$(TARGET_NAME)";
				WRAPPER_EXTENSION = app;
			};
			name = Debug;
		};
		AFF3B52318E3004400500E49 /* Release */ = {
			isa = XCBuildConfiguration;
			buildSettings = {
				ASSETCATALOG_COMPILER_APPICON_NAME = AppIcon;
				ASSETCATALOG_COMPILER_LAUNCHIMAGE_NAME = LaunchImage;
				GCC_PRECOMPILE_PREFIX_HEADER = YES;
				GCC_PREFIX_HEADER = "ThreeButtonConstraintTest1/ThreeButtonConstraintTest1-Prefix.pch";
				INFOPLIST_FILE = "ThreeButtonConstraintTest1/ThreeButtonConstraintTest1-Info.plist";
				PRODUCT_NAME = "$(TARGET_NAME)";
				WRAPPER_EXTENSION = app;
			};
			name = Release;
		};
		AFF3B52518E3004400500E49 /* Debug */ = {
			isa = XCBuildConfiguration;
			buildSettings = {
				ARCHS = "$(ARCHS_STANDARD_INCLUDING_64_BIT)";
				BUNDLE_LOADER = "$(BUILT_PRODUCTS_DIR)/ThreeButtonConstraintTest1.app/ThreeButtonConstraintTest1";
				FRAMEWORK_SEARCH_PATHS = (
					"$(SDKROOT)/Developer/Library/Frameworks",
					"$(inherited)",
					"$(DEVELOPER_FRAMEWORKS_DIR)",
				);
				GCC_PRECOMPILE_PREFIX_HEADER = YES;
				GCC_PREFIX_HEADER = "ThreeButtonConstraintTest1/ThreeButtonConstraintTest1-Prefix.pch";
				GCC_PREPROCESSOR_DEFINITIONS = (
					"DEBUG=1",
					"$(inherited)",
				);
				INFOPLIST_FILE = "ThreeButtonConstraintTest1Tests/ThreeButtonConstraintTest1Tests-Info.plist";
				PRODUCT_NAME = "$(TARGET_NAME)";
				TEST_HOST = "$(BUNDLE_LOADER)";
				WRAPPER_EXTENSION = xctest;
			};
			name = Debug;
		};
		AFF3B52618E3004400500E49 /* Release */ = {
			isa = XCBuildConfiguration;
			buildSettings = {
				ARCHS = "$(ARCHS_STANDARD_INCLUDING_64_BIT)";
				BUNDLE_LOADER = "$(BUILT_PRODUCTS_DIR)/ThreeButtonConstraintTest1.app/ThreeButtonConstraintTest1";
				FRAMEWORK_SEARCH_PATHS = (
					"$(SDKROOT)/Developer/Library/Frameworks",
					"$(inherited)",
					"$(DEVELOPER_FRAMEWORKS_DIR)",
				);
				GCC_PRECOMPILE_PREFIX_HEADER = YES;
				GCC_PREFIX_HEADER = "ThreeButtonConstraintTest1/ThreeButtonConstraintTest1-Prefix.pch";
				INFOPLIST_FILE = "ThreeButtonConstraintTest1Tests/ThreeButtonConstraintTest1Tests-Info.plist";
				PRODUCT_NAME = "$(TARGET_NAME)";
				TEST_HOST = "$(BUNDLE_LOADER)";
				WRAPPER_EXTENSION = xctest;
			};
			name = Release;
		};
/* End XCBuildConfiguration section */

/* Begin XCConfigurationList section */
		AFF3B4EA18E3004400500E49 /* Build configuration list for PBXProject "ThreeButtonConstraintTest1" */ = {
			isa = XCConfigurationList;
			buildConfigurations = (
				AFF3B51F18E3004400500E49 /* Debug */,
				AFF3B52018E3004400500E49 /* Release */,
			);
			defaultConfigurationIsVisible = 0;
			defaultConfigurationName = Release;
		};
		AFF3B52118E3004400500E49 /* Build configuration list for PBXNativeTarget "ThreeButtonConstraintTest1" */ = {
			isa = XCConfigurationList;
			buildConfigurations = (
				AFF3B52218E3004400500E49 /* Debug */,
				AFF3B52318E3004400500E49 /* Release */,
			);
			defaultConfigurationIsVisible = 0;
		};
		AFF3B52418E3004400500E49 /* Build configuration list for PBXNativeTarget "ThreeButtonConstraintTest1Tests" */ = {
			isa = XCConfigurationList;
			buildConfigurations = (
				AFF3B52518E3004400500E49 /* Debug */,
				AFF3B52618E3004400500E49 /* Release */,
			);
			defaultConfigurationIsVisible = 0;
		};
/* End XCConfigurationList section */
	};
	rootObject = AFF3B4E718E3004400500E49 /* Project object */;
}
